
Microsoft Visual Studio Solution File, Format Version 12.00
# Visual Studio Version 17
VisualStudioVersion = 17.13.35919.96
MinimumVisualStudioVersion = 10.0.40219.1
Project("{8BC9CEB8-8B4A-11D0-8D11-00A0C91BC942}") = "DJS_Engine_Test", "DJS_Engine_Test\DJS_Engine_Test.vcxproj", "{B73657CB-A2D4-47ED-97AF-562FBC19A326}"
	ProjectSection(ProjectDependencies) = postProject
		{4D087E53-B6C4-41DB-BFD0-F657D707705A} = {4D087E53-B6C4-41DB-BFD0-F657D707705A}
	EndProjectSection
EndProject
Project("{8BC9CEB8-8B4A-11D0-8D11-00A0C91BC942}") = "DJS_Engine", "DJS_Engine\DJS_Engine.vcxproj", "{4D087E53-B6C4-41DB-BFD0-F657D707705A}"
EndProject
Global
	GlobalSection(SolutionConfigurationPlatforms) = preSolution
		Debug|x64 = Debug|x64
		Debug|x86 = Debug|x86
		Release|x64 = Release|x64
		Release|x86 = Release|x86
	EndGlobalSection
	GlobalSection(ProjectConfigurationPlatforms) = postSolution
		{B73657CB-A2D4-47ED-97AF-562FBC19A326}.Debug|x64.ActiveCfg = Debug|x64
		{B73657CB-A2D4-47ED-97AF-562FBC19A326}.Debug|x64.Build.0 = Debug|x64
		{B73657CB-A2D4-47ED-97AF-562FBC19A326}.Debug|x86.ActiveCfg = Debug|Win32
		{B73657CB-A2D4-47ED-97AF-562FBC19A326}.Debug|x86.Build.0 = Debug|Win32
		{B73657CB-A2D4-47ED-97AF-562FBC19A326}.Release|x64.ActiveCfg = Release|x64
		{B73657CB-A2D4-47ED-97AF-562FBC19A326}.Release|x64.Build.0 = Release|x64
		{B73657CB-A2D4-47ED-97AF-562FBC19A326}.Release|x86.ActiveCfg = Release|Win32
		{B73657CB-A2D4-47ED-97AF-562FBC19A326}.Release|x86.Build.0 = Release|Win32
		{4D087E53-B6C4-41DB-BFD0-F657D707705A}.Debug|x64.ActiveCfg = Debug|x64
		{4D087E53-B6C4-41DB-BFD0-F657D707705A}.Debug|x64.Build.0 = Debug|x64
		{4D087E53-B6C4-41DB-BFD0-F657D707705A}.Debug|x86.ActiveCfg = Debug|Win32
		{4D087E53-B6C4-41DB-BFD0-F657D707705A}.Debug|x86.Build.0 = Debug|Win32
		{4D087E53-B6C4-41DB-BFD0-F657D707705A}.Release|x64.ActiveCfg = Release|x64
		{4D087E53-B6C4-41DB-BFD0-F657D707705A}.Release|x64.Build.0 = Release|x64
		{4D087E53-B6C4-41DB-BFD0-F657D707705A}.Release|x86.ActiveCfg = Release|Win32
		{4D087E53-B6C4-41DB-BFD0-F657D707705A}.Release|x86.Build.0 = Release|Win32
	EndGlobalSection
	GlobalSection(SolutionProperties) = preSolution
		HideSolutionNode = FALSE
	EndGlobalSection
	GlobalSection(ExtensibilityGlobals) = postSolution
		SolutionGuid = {8CE261C4-F3C8-45CB-B5CF-507CD9F0ED80}
	EndGlobalSection
EndGlobal
