
Microsoft Visual Studio Solution File, Format Version 12.00
# Visual Studio Version 17
VisualStudioVersion = 17.13.35919.96
MinimumVisualStudioVersion = 10.0.40219.1
Project("{8BC9CEB8-8B4A-11D0-8D11-00A0C91BC942}") = "DJS_Engine", "DJS_Engine\DJS_Engine.vcxproj", "{9F510056-1BE7-4735-BE52-2899411E9800}"
EndProject
Project("{8BC9CEB8-8B4A-11D0-8D11-00A0C91BC942}") = "Test", "Test\Test.vcxproj", "{A846750A-350C-4AF0-A184-516A3E49FE04}"
EndProject
Global
	GlobalSection(SolutionConfigurationPlatforms) = preSolution
		Debug|x64 = Debug|x64
		Debug|x86 = Debug|x86
		Release|x64 = Release|x64
		Release|x86 = Release|x86
	EndGlobalSection
	GlobalSection(ProjectConfigurationPlatforms) = postSolution
		{9F510056-1BE7-4735-BE52-2899411E9800}.Debug|x64.ActiveCfg = Debug|x64
		{9F510056-1BE7-4735-BE52-2899411E9800}.Debug|x64.Build.0 = Debug|x64
		{9F510056-1BE7-4735-BE52-2899411E9800}.Debug|x86.ActiveCfg = Debug|Win32
		{9F510056-1BE7-4735-BE52-2899411E9800}.Debug|x86.Build.0 = Debug|Win32
		{9F510056-1BE7-4735-BE52-2899411E9800}.Release|x64.ActiveCfg = Release|x64
		{9F510056-1BE7-4735-BE52-2899411E9800}.Release|x64.Build.0 = Release|x64
		{9F510056-1BE7-4735-BE52-2899411E9800}.Release|x86.ActiveCfg = Release|Win32
		{9F510056-1BE7-4735-BE52-2899411E9800}.Release|x86.Build.0 = Release|Win32
		{A846750A-350C-4AF0-A184-516A3E49FE04}.Debug|x64.ActiveCfg = Debug|x64
		{A846750A-350C-4AF0-A184-516A3E49FE04}.Debug|x64.Build.0 = Debug|x64
		{A846750A-350C-4AF0-A184-516A3E49FE04}.Debug|x86.ActiveCfg = Debug|Win32
		{A846750A-350C-4AF0-A184-516A3E49FE04}.Debug|x86.Build.0 = Debug|Win32
		{A846750A-350C-4AF0-A184-516A3E49FE04}.Release|x64.ActiveCfg = Release|x64
		{A846750A-350C-4AF0-A184-516A3E49FE04}.Release|x64.Build.0 = Release|x64
		{A846750A-350C-4AF0-A184-516A3E49FE04}.Release|x86.ActiveCfg = Release|Win32
		{A846750A-350C-4AF0-A184-516A3E49FE04}.Release|x86.Build.0 = Release|Win32
	EndGlobalSection
	GlobalSection(SolutionProperties) = preSolution
		HideSolutionNode = FALSE
	EndGlobalSection
	GlobalSection(ExtensibilityGlobals) = postSolution
		SolutionGuid = {4AC67368-51D0-416E-93FF-47E9A3F284F0}
	EndGlobalSection
EndGlobal
